
Microsoft Visual Studio Solution File, Format Version 12.00
# Visual Studio Version 17
VisualStudioVersion = 17.0.31903.59
MinimumVisualStudioVersion = 10.0.40219.1
Project("{2150E333-8FDC-42A3-9474-1A3956D46DE8}") = "src", "src", "{2441F1E9-A8A7-4677-A249-1318A1D96991}"
EndProject
Project("{9A19103F-16F7-4668-BE54-9A1E7A4F7556}") = "BookManager.Domain", "src\BookManager.Domain\BookManager.Domain.csproj", "{DB421E07-5A62-4F1E-BB1D-724550184BA6}"
EndProject
Project("{9A19103F-16F7-4668-BE54-9A1E7A4F7556}") = "BookManager.Application", "src\BookManager.Application\BookManager.Application.csproj", "{4B4CDA34-82E5-4ABD-9C72-7123AE9A989C}"
EndProject
Project("{9A19103F-16F7-4668-BE54-9A1E7A4F7556}") = "BookManager", "src\BookManager\BookManager.csproj", "{61FE4B3C-5D7D-432B-BD55-577EB919761A}"
EndProject
Project("{2150E333-8FDC-42A3-9474-1A3956D46DE8}") = "test", "test", "{777B0749-9ABF-47E8-A819-6AA84E72D5D9}"
EndProject
Project("{9A19103F-16F7-4668-BE54-9A1E7A4F7556}") = "BookManager.Domain.UnitTests", "test\BookManager.Domain.UnitTests\BookManager.Domain.UnitTests.csproj", "{FA32F7F4-E104-4704-8E8F-CDCB7FF1D157}"
EndProject
Project("{9A19103F-16F7-4668-BE54-9A1E7A4F7556}") = "BookManager.Application.UnitTests", "test\BookManager.Application.UnitTests\BookManager.Application.UnitTests.csproj", "{35A196FD-3258-4313-9503-E96A121910D4}"
EndProject
Project("{9A19103F-16F7-4668-BE54-9A1E7A4F7556}") = "BookManager.FunctionalTests", "test\BookManager.FunctionalTests\BookManager.FunctionalTests.csproj", "{D133B147-BBE5-471A-A4B3-1C88DBE3F2EC}"
EndProject
Global
	GlobalSection(SolutionConfigurationPlatforms) = preSolution
		Debug|Any CPU = Debug|Any CPU
		Release|Any CPU = Release|Any CPU
	EndGlobalSection
	GlobalSection(ProjectConfigurationPlatforms) = postSolution
		{DB421E07-5A62-4F1E-BB1D-724550184BA6}.Debug|Any CPU.ActiveCfg = Debug|Any CPU
		{DB421E07-5A62-4F1E-BB1D-724550184BA6}.Debug|Any CPU.Build.0 = Debug|Any CPU
		{DB421E07-5A62-4F1E-BB1D-724550184BA6}.Release|Any CPU.ActiveCfg = Release|Any CPU
		{DB421E07-5A62-4F1E-BB1D-724550184BA6}.Release|Any CPU.Build.0 = Release|Any CPU
		{4B4CDA34-82E5-4ABD-9C72-7123AE9A989C}.Debug|Any CPU.ActiveCfg = Debug|Any CPU
		{4B4CDA34-82E5-4ABD-9C72-7123AE9A989C}.Debug|Any CPU.Build.0 = Debug|Any CPU
		{4B4CDA34-82E5-4ABD-9C72-7123AE9A989C}.Release|Any CPU.ActiveCfg = Release|Any CPU
		{4B4CDA34-82E5-4ABD-9C72-7123AE9A989C}.Release|Any CPU.Build.0 = Release|Any CPU
		{61FE4B3C-5D7D-432B-BD55-577EB919761A}.Debug|Any CPU.ActiveCfg = Debug|Any CPU
		{61FE4B3C-5D7D-432B-BD55-577EB919761A}.Debug|Any CPU.Build.0 = Debug|Any CPU
		{61FE4B3C-5D7D-432B-BD55-577EB919761A}.Release|Any CPU.ActiveCfg = Release|Any CPU
		{61FE4B3C-5D7D-432B-BD55-577EB919761A}.Release|Any CPU.Build.0 = Release|Any CPU
		{FA32F7F4-E104-4704-8E8F-CDCB7FF1D157}.Debug|Any CPU.ActiveCfg = Debug|Any CPU
		{FA32F7F4-E104-4704-8E8F-CDCB7FF1D157}.Debug|Any CPU.Build.0 = Debug|Any CPU
		{FA32F7F4-E104-4704-8E8F-CDCB7FF1D157}.Release|Any CPU.ActiveCfg = Release|Any CPU
		{FA32F7F4-E104-4704-8E8F-CDCB7FF1D157}.Release|Any CPU.Build.0 = Release|Any CPU
		{35A196FD-3258-4313-9503-E96A121910D4}.Debug|Any CPU.ActiveCfg = Debug|Any CPU
		{35A196FD-3258-4313-9503-E96A121910D4}.Debug|Any CPU.Build.0 = Debug|Any CPU
		{35A196FD-3258-4313-9503-E96A121910D4}.Release|Any CPU.ActiveCfg = Release|Any CPU
		{35A196FD-3258-4313-9503-E96A121910D4}.Release|Any CPU.Build.0 = Release|Any CPU
		{D133B147-BBE5-471A-A4B3-1C88DBE3F2EC}.Debug|Any CPU.ActiveCfg = Debug|Any CPU
		{D133B147-BBE5-471A-A4B3-1C88DBE3F2EC}.Debug|Any CPU.Build.0 = Debug|Any CPU
		{D133B147-BBE5-471A-A4B3-1C88DBE3F2EC}.Release|Any CPU.ActiveCfg = Release|Any CPU
		{D133B147-BBE5-471A-A4B3-1C88DBE3F2EC}.Release|Any CPU.Build.0 = Release|Any CPU
	EndGlobalSection
	GlobalSection(SolutionProperties) = preSolution
		HideSolutionNode = FALSE
	EndGlobalSection
	GlobalSection(NestedProjects) = preSolution
		{DB421E07-5A62-4F1E-BB1D-724550184BA6} = {2441F1E9-A8A7-4677-A249-1318A1D96991}
		{4B4CDA34-82E5-4ABD-9C72-7123AE9A989C} = {2441F1E9-A8A7-4677-A249-1318A1D96991}
		{61FE4B3C-5D7D-432B-BD55-577EB919761A} = {2441F1E9-A8A7-4677-A249-1318A1D96991}
		{FA32F7F4-E104-4704-8E8F-CDCB7FF1D157} = {777B0749-9ABF-47E8-A819-6AA84E72D5D9}
		{35A196FD-3258-4313-9503-E96A121910D4} = {777B0749-9ABF-47E8-A819-6AA84E72D5D9}
		{D133B147-BBE5-471A-A4B3-1C88DBE3F2EC} = {777B0749-9ABF-47E8-A819-6AA84E72D5D9}
	EndGlobalSection
	GlobalSection(ExtensibilityGlobals) = postSolution
		SolutionGuid = {22FA7689-97C6-4E67-A34F-AE0644065F34}
	EndGlobalSection
EndGlobal
